// !$*UTF8*$!
{
	archiveVersion = 1;
	classes = {
	};
	objectVersion = 51;
	objects = {

/* Begin PBXBuildFile section */
		D079E71E24F95F8800063428 /* LoginViewController.swift in Sources */ = {isa = PBXBuildFile; fileRef = D079E71D24F95F8800063428 /* LoginViewController.swift */; };
		D079E72024F95F9B00063428 /* RegistrationViewController.swift in Sources */ = {isa = PBXBuildFile; fileRef = D079E71F24F95F9B00063428 /* RegistrationViewController.swift */; };
		D079E72224F9615700063428 /* HomeViewController.swift in Sources */ = {isa = PBXBuildFile; fileRef = D079E72124F9615700063428 /* HomeViewController.swift */; };
		D079E72424F9616700063428 /* ExploreViewController.swift in Sources */ = {isa = PBXBuildFile; fileRef = D079E72324F9616700063428 /* ExploreViewController.swift */; };
		D079E72624F9618300063428 /* AddClothingViewController.swift in Sources */ = {isa = PBXBuildFile; fileRef = D079E72524F9618300063428 /* AddClothingViewController.swift */; };
		D079E72824F9619100063428 /* ProfileViewController.swift in Sources */ = {isa = PBXBuildFile; fileRef = D079E72724F9619100063428 /* ProfileViewController.swift */; };
		D079E72A24F96EB600063428 /* SocialViewController.swift in Sources */ = {isa = PBXBuildFile; fileRef = D079E72924F96EB600063428 /* SocialViewController.swift */; };
		D07C1D8024F81BFD00FCE1FA /* AppDelegate.swift in Sources */ = {isa = PBXBuildFile; fileRef = D07C1D7F24F81BFD00FCE1FA /* AppDelegate.swift */; };
		D07C1D8224F81BFD00FCE1FA /* ViewController.swift in Sources */ = {isa = PBXBuildFile; fileRef = D07C1D8124F81BFD00FCE1FA /* ViewController.swift */; };
		D07C1D8424F81BFD00FCE1FA /* Experience.rcproject in Sources */ = {isa = PBXBuildFile; fileRef = D07C1D8324F81BFD00FCE1FA /* Experience.rcproject */; };
		D07C1D8724F81BFD00FCE1FA /* Main.storyboard in Resources */ = {isa = PBXBuildFile; fileRef = D07C1D8524F81BFD00FCE1FA /* Main.storyboard */; };
		D07C1D8924F81BFF00FCE1FA /* Assets.xcassets in Resources */ = {isa = PBXBuildFile; fileRef = D07C1D8824F81BFF00FCE1FA /* Assets.xcassets */; };
		D07C1D8C24F81BFF00FCE1FA /* LaunchScreen.storyboard in Resources */ = {isa = PBXBuildFile; fileRef = D07C1D8A24F81BFF00FCE1FA /* LaunchScreen.storyboard */; };
		EDE855DB1C4AF61478E56AC5 /* Pods_FashionFriend.framework in Frameworks */ = {isa = PBXBuildFile; fileRef = 7E607B01836F513AF8215255 /* Pods_FashionFriend.framework */; };
/* End PBXBuildFile section */

/* Begin PBXFileReference section */
		01121EFEBCE91B566B397E3F /* Pods-FashionFriend.debug.xcconfig */ = {isa = PBXFileReference; includeInIndex = 1; lastKnownFileType = text.xcconfig; name = "Pods-FashionFriend.debug.xcconfig"; path = "Target Support Files/Pods-FashionFriend/Pods-FashionFriend.debug.xcconfig"; sourceTree = "<group>"; };
		36145FD381EEC9863E518AC6 /* Pods-FashionFriend.release.xcconfig */ = {isa = PBXFileReference; includeInIndex = 1; lastKnownFileType = text.xcconfig; name = "Pods-FashionFriend.release.xcconfig"; path = "Target Support Files/Pods-FashionFriend/Pods-FashionFriend.release.xcconfig"; sourceTree = "<group>"; };
		7E607B01836F513AF8215255 /* Pods_FashionFriend.framework */ = {isa = PBXFileReference; explicitFileType = wrapper.framework; includeInIndex = 0; path = Pods_FashionFriend.framework; sourceTree = BUILT_PRODUCTS_DIR; };
		D079E71D24F95F8800063428 /* LoginViewController.swift */ = {isa = PBXFileReference; lastKnownFileType = sourcecode.swift; path = LoginViewController.swift; sourceTree = "<group>"; };
		D079E71F24F95F9B00063428 /* RegistrationViewController.swift */ = {isa = PBXFileReference; lastKnownFileType = sourcecode.swift; path = RegistrationViewController.swift; sourceTree = "<group>"; };
		D079E72124F9615700063428 /* HomeViewController.swift */ = {isa = PBXFileReference; lastKnownFileType = sourcecode.swift; path = HomeViewController.swift; sourceTree = "<group>"; };
		D079E72324F9616700063428 /* ExploreViewController.swift */ = {isa = PBXFileReference; lastKnownFileType = sourcecode.swift; path = ExploreViewController.swift; sourceTree = "<group>"; };
		D079E72524F9618300063428 /* AddClothingViewController.swift */ = {isa = PBXFileReference; lastKnownFileType = sourcecode.swift; path = AddClothingViewController.swift; sourceTree = "<group>"; };
		D079E72724F9619100063428 /* ProfileViewController.swift */ = {isa = PBXFileReference; lastKnownFileType = sourcecode.swift; path = ProfileViewController.swift; sourceTree = "<group>"; };
		D079E72924F96EB600063428 /* SocialViewController.swift */ = {isa = PBXFileReference; lastKnownFileType = sourcecode.swift; path = SocialViewController.swift; sourceTree = "<group>"; };
		D07C1D7C24F81BFD00FCE1FA /* FashionFriend.app */ = {isa = PBXFileReference; explicitFileType = wrapper.application; includeInIndex = 0; path = FashionFriend.app; sourceTree = BUILT_PRODUCTS_DIR; };
		D07C1D7F24F81BFD00FCE1FA /* AppDelegate.swift */ = {isa = PBXFileReference; lastKnownFileType = sourcecode.swift; path = AppDelegate.swift; sourceTree = "<group>"; };
		D07C1D8124F81BFD00FCE1FA /* ViewController.swift */ = {isa = PBXFileReference; lastKnownFileType = sourcecode.swift; path = ViewController.swift; sourceTree = "<group>"; };
		D07C1D8324F81BFD00FCE1FA /* Experience.rcproject */ = {isa = PBXFileReference; lastKnownFileType = file.rcproject; path = Experience.rcproject; sourceTree = "<group>"; };
		D07C1D8624F81BFD00FCE1FA /* Base */ = {isa = PBXFileReference; lastKnownFileType = file.storyboard; name = Base; path = Base.lproj/Main.storyboard; sourceTree = "<group>"; };
		D07C1D8824F81BFF00FCE1FA /* Assets.xcassets */ = {isa = PBXFileReference; lastKnownFileType = folder.assetcatalog; path = Assets.xcassets; sourceTree = "<group>"; };
		D07C1D8B24F81BFF00FCE1FA /* Base */ = {isa = PBXFileReference; lastKnownFileType = file.storyboard; name = Base; path = Base.lproj/LaunchScreen.storyboard; sourceTree = "<group>"; };
		D07C1D8D24F81BFF00FCE1FA /* Info.plist */ = {isa = PBXFileReference; lastKnownFileType = text.plist.xml; path = Info.plist; sourceTree = "<group>"; };
/* End PBXFileReference section */

/* Begin PBXFrameworksBuildPhase section */
		D07C1D7924F81BFD00FCE1FA /* Frameworks */ = {
			isa = PBXFrameworksBuildPhase;
			buildActionMask = 2147483647;
			files = (
				EDE855DB1C4AF61478E56AC5 /* Pods_FashionFriend.framework in Frameworks */,
			);
			runOnlyForDeploymentPostprocessing = 0;
		};
/* End PBXFrameworksBuildPhase section */

/* Begin PBXGroup section */
		7A53D6EE5D22DAD5F19B5990 /* Pods */ = {
			isa = PBXGroup;
			children = (
				01121EFEBCE91B566B397E3F /* Pods-FashionFriend.debug.xcconfig */,
				36145FD381EEC9863E518AC6 /* Pods-FashionFriend.release.xcconfig */,
			);
			path = Pods;
			sourceTree = "<group>";
		};
		BF376633CBE4D861A706A646 /* Frameworks */ = {
			isa = PBXGroup;
			children = (
				7E607B01836F513AF8215255 /* Pods_FashionFriend.framework */,
			);
			name = Frameworks;
			sourceTree = "<group>";
		};
		D079E71424F95C7100063428 /* Resources */ = {
			isa = PBXGroup;
			children = (
				D07C1D7F24F81BFD00FCE1FA /* AppDelegate.swift */,
				D07C1D8124F81BFD00FCE1FA /* ViewController.swift */,
				D07C1D8324F81BFD00FCE1FA /* Experience.rcproject */,
			);
			path = Resources;
			sourceTree = "<group>";
		};
		D079E71524F95C7B00063428 /* Models */ = {
			isa = PBXGroup;
			children = (
			);
			path = Models;
			sourceTree = "<group>";
		};
		D079E71624F95C8000063428 /* Views */ = {
			isa = PBXGroup;
			children = (
				D079E71824F95CBA00063428 /* Storyboards */,
				D07C1D8824F81BFF00FCE1FA /* Assets.xcassets */,
			);
			path = Views;
			sourceTree = "<group>";
		};
		D079E71724F95C8800063428 /* Controllers */ = {
			isa = PBXGroup;
			children = (
				D079E71A24F95F3100063428 /* Other */,
				D079E71924F95F2B00063428 /* Core Tabs */,
			);
			path = Controllers;
			sourceTree = "<group>";
		};
		D079E71824F95CBA00063428 /* Storyboards */ = {
			isa = PBXGroup;
			children = (
				D07C1D8524F81BFD00FCE1FA /* Main.storyboard */,
				D07C1D8A24F81BFF00FCE1FA /* LaunchScreen.storyboard */,
			);
			path = Storyboards;
			sourceTree = "<group>";
		};
		D079E71924F95F2B00063428 /* Core Tabs */ = {
			isa = PBXGroup;
			children = (
				D079E72124F9615700063428 /* HomeViewController.swift */,
				D079E72324F9616700063428 /* ExploreViewController.swift */,
				D079E72524F9618300063428 /* AddClothingViewController.swift */,
				D079E72724F9619100063428 /* ProfileViewController.swift */,
				D079E72924F96EB600063428 /* SocialViewController.swift */,
			);
			path = "Core Tabs";
			sourceTree = "<group>";
		};
		D079E71A24F95F3100063428 /* Other */ = {
			isa = PBXGroup;
			children = (
				D079E71C24F95F4100063428 /* General */,
				D079E71B24F95F3600063428 /* Onboarding */,
			);
			path = Other;
			sourceTree = "<group>";
		};
		D079E71B24F95F3600063428 /* Onboarding */ = {
			isa = PBXGroup;
			children = (
				D079E71D24F95F8800063428 /* LoginViewController.swift */,
				D079E71F24F95F9B00063428 /* RegistrationViewController.swift */,
			);
			path = Onboarding;
			sourceTree = "<group>";
		};
		D079E71C24F95F4100063428 /* General */ = {
			isa = PBXGroup;
			children = (
			);
			path = General;
			sourceTree = "<group>";
		};
		D07C1D7324F81BFD00FCE1FA = {
			isa = PBXGroup;
			children = (
				D07C1D7E24F81BFD00FCE1FA /* FashionFriend */,
				D07C1D8D24F81BFF00FCE1FA /* Info.plist */,
				D07C1D7D24F81BFD00FCE1FA /* Products */,
				7A53D6EE5D22DAD5F19B5990 /* Pods */,
				BF376633CBE4D861A706A646 /* Frameworks */,
			);
			sourceTree = "<group>";
		};
		D07C1D7D24F81BFD00FCE1FA /* Products */ = {
			isa = PBXGroup;
			children = (
				D07C1D7C24F81BFD00FCE1FA /* FashionFriend.app */,
			);
			name = Products;
			sourceTree = "<group>";
		};
		D07C1D7E24F81BFD00FCE1FA /* FashionFriend */ = {
			isa = PBXGroup;
			children = (
				D079E71724F95C8800063428 /* Controllers */,
				D079E71624F95C8000063428 /* Views */,
				D079E71524F95C7B00063428 /* Models */,
				D079E71424F95C7100063428 /* Resources */,
			);
			path = FashionFriend;
			sourceTree = "<group>";
		};
/* End PBXGroup section */

/* Begin PBXNativeTarget section */
		D07C1D7B24F81BFD00FCE1FA /* FashionFriend */ = {
			isa = PBXNativeTarget;
			buildConfigurationList = D07C1D9024F81BFF00FCE1FA /* Build configuration list for PBXNativeTarget "FashionFriend" */;
			buildPhases = (
				03733CC2C258D83425CCE229 /* [CP] Check Pods Manifest.lock */,
				D07C1D7824F81BFD00FCE1FA /* Sources */,
				D07C1D7924F81BFD00FCE1FA /* Frameworks */,
				D07C1D7A24F81BFD00FCE1FA /* Resources */,
				99C22CE00F688B98900978F9 /* [CP] Embed Pods Frameworks */,
			);
			buildRules = (
			);
			dependencies = (
			);
			name = FashionFriend;
			productName = FashionFriend;
			productReference = D07C1D7C24F81BFD00FCE1FA /* FashionFriend.app */;
			productType = "com.apple.product-type.application";
		};
/* End PBXNativeTarget section */

/* Begin PBXProject section */
		D07C1D7424F81BFD00FCE1FA /* Project object */ = {
			isa = PBXProject;
			attributes = {
				LastSwiftUpdateCheck = 1160;
				LastUpgradeCheck = 1160;
				ORGANIZATIONNAME = "Justin Brown";
				TargetAttributes = {
					D07C1D7B24F81BFD00FCE1FA = {
						CreatedOnToolsVersion = 11.6;
					};
				};
			};
			buildConfigurationList = D07C1D7724F81BFD00FCE1FA /* Build configuration list for PBXProject "FashionFriend" */;
			compatibilityVersion = "Xcode 9.3";
			developmentRegion = en;
			hasScannedForEncodings = 0;
			knownRegions = (
				en,
				Base,
			);
			mainGroup = D07C1D7324F81BFD00FCE1FA;
			productRefGroup = D07C1D7D24F81BFD00FCE1FA /* Products */;
			projectDirPath = "";
			projectRoot = "";
			targets = (
				D07C1D7B24F81BFD00FCE1FA /* FashionFriend */,
			);
		};
/* End PBXProject section */

/* Begin PBXResourcesBuildPhase section */
		D07C1D7A24F81BFD00FCE1FA /* Resources */ = {
			isa = PBXResourcesBuildPhase;
			buildActionMask = 2147483647;
			files = (
				D07C1D8C24F81BFF00FCE1FA /* LaunchScreen.storyboard in Resources */,
				D07C1D8924F81BFF00FCE1FA /* Assets.xcassets in Resources */,
				D07C1D8724F81BFD00FCE1FA /* Main.storyboard in Resources */,
			);
			runOnlyForDeploymentPostprocessing = 0;
		};
/* End PBXResourcesBuildPhase section */

/* Begin PBXShellScriptBuildPhase section */
		03733CC2C258D83425CCE229 /* [CP] Check Pods Manifest.lock */ = {
			isa = PBXShellScriptBuildPhase;
			buildActionMask = 2147483647;
			files = (
			);
			inputFileListPaths = (
			);
			inputPaths = (
				"${PODS_PODFILE_DIR_PATH}/Podfile.lock",
				"${PODS_ROOT}/Manifest.lock",
			);
			name = "[CP] Check Pods Manifest.lock";
			outputFileListPaths = (
			);
			outputPaths = (
				"$(DERIVED_FILE_DIR)/Pods-FashionFriend-checkManifestLockResult.txt",
			);
			runOnlyForDeploymentPostprocessing = 0;
			shellPath = /bin/sh;
			shellScript = "diff \"${PODS_PODFILE_DIR_PATH}/Podfile.lock\" \"${PODS_ROOT}/Manifest.lock\" > /dev/null\nif [ $? != 0 ] ; then\n    # print error to STDERR\n    echo \"error: The sandbox is not in sync with the Podfile.lock. Run 'pod install' or update your CocoaPods installation.\" >&2\n    exit 1\nfi\n# This output is used by Xcode 'outputs' to avoid re-running this script phase.\necho \"SUCCESS\" > \"${SCRIPT_OUTPUT_FILE_0}\"\n";
			showEnvVarsInLog = 0;
		};
		99C22CE00F688B98900978F9 /* [CP] Embed Pods Frameworks */ = {
			isa = PBXShellScriptBuildPhase;
			buildActionMask = 2147483647;
			files = (
			);
			inputFileListPaths = (
				"${PODS_ROOT}/Target Support Files/Pods-FashionFriend/Pods-FashionFriend-frameworks-${CONFIGURATION}-input-files.xcfilelist",
			);
			name = "[CP] Embed Pods Frameworks";
			outputFileListPaths = (
				"${PODS_ROOT}/Target Support Files/Pods-FashionFriend/Pods-FashionFriend-frameworks-${CONFIGURATION}-output-files.xcfilelist",
			);
			runOnlyForDeploymentPostprocessing = 0;
			shellPath = /bin/sh;
			shellScript = "\"${PODS_ROOT}/Target Support Files/Pods-FashionFriend/Pods-FashionFriend-frameworks.sh\"\n";
			showEnvVarsInLog = 0;
		};
/* End PBXShellScriptBuildPhase section */

/* Begin PBXSourcesBuildPhase section */
		D07C1D7824F81BFD00FCE1FA /* Sources */ = {
			isa = PBXSourcesBuildPhase;
			buildActionMask = 2147483647;
			files = (
				D079E71E24F95F8800063428 /* LoginViewController.swift in Sources */,
				D07C1D8224F81BFD00FCE1FA /* ViewController.swift in Sources */,
				D079E72624F9618300063428 /* AddClothingViewController.swift in Sources */,
				D07C1D8024F81BFD00FCE1FA /* AppDelegate.swift in Sources */,
				D07C1D8424F81BFD00FCE1FA /* Experience.rcproject in Sources */,
				D079E72A24F96EB600063428 /* SocialViewController.swift in Sources */,
				D079E72024F95F9B00063428 /* RegistrationViewController.swift in Sources */,
				D079E72824F9619100063428 /* ProfileViewController.swift in Sources */,
				D079E72424F9616700063428 /* ExploreViewController.swift in Sources */,
				D079E72224F9615700063428 /* HomeViewController.swift in Sources */,
			);
			runOnlyForDeploymentPostprocessing = 0;
		};
/* End PBXSourcesBuildPhase section */

/* Begin PBXVariantGroup section */
		D07C1D8524F81BFD00FCE1FA /* Main.storyboard */ = {
			isa = PBXVariantGroup;
			children = (
				D07C1D8624F81BFD00FCE1FA /* Base */,
			);
			name = Main.storyboard;
			sourceTree = "<group>";
		};
		D07C1D8A24F81BFF00FCE1FA /* LaunchScreen.storyboard */ = {
			isa = PBXVariantGroup;
			children = (
				D07C1D8B24F81BFF00FCE1FA /* Base */,
			);
			name = LaunchScreen.storyboard;
			sourceTree = "<group>";
		};
/* End PBXVariantGroup section */

/* Begin XCBuildConfiguration section */
		D07C1D8E24F81BFF00FCE1FA /* Debug */ = {
			isa = XCBuildConfiguration;
			buildSettings = {
				ALWAYS_SEARCH_USER_PATHS = NO;
				CLANG_ANALYZER_NONNULL = YES;
				CLANG_ANALYZER_NUMBER_OBJECT_CONVERSION = YES_AGGRESSIVE;
				CLANG_CXX_LANGUAGE_STANDARD = "gnu++14";
				CLANG_CXX_LIBRARY = "libc++";
				CLANG_ENABLE_MODULES = YES;
				CLANG_ENABLE_OBJC_ARC = YES;
				CLANG_ENABLE_OBJC_WEAK = YES;
				CLANG_WARN_BLOCK_CAPTURE_AUTORELEASING = YES;
				CLANG_WARN_BOOL_CONVERSION = YES;
				CLANG_WARN_COMMA = YES;
				CLANG_WARN_CONSTANT_CONVERSION = YES;
				CLANG_WARN_DEPRECATED_OBJC_IMPLEMENTATIONS = YES;
				CLANG_WARN_DIRECT_OBJC_ISA_USAGE = YES_ERROR;
				CLANG_WARN_DOCUMENTATION_COMMENTS = YES;
				CLANG_WARN_EMPTY_BODY = YES;
				CLANG_WARN_ENUM_CONVERSION = YES;
				CLANG_WARN_INFINITE_RECURSION = YES;
				CLANG_WARN_INT_CONVERSION = YES;
				CLANG_WARN_NON_LITERAL_NULL_CONVERSION = YES;
				CLANG_WARN_OBJC_IMPLICIT_RETAIN_SELF = YES;
				CLANG_WARN_OBJC_LITERAL_CONVERSION = YES;
				CLANG_WARN_OBJC_ROOT_CLASS = YES_ERROR;
				CLANG_WARN_RANGE_LOOP_ANALYSIS = YES;
				CLANG_WARN_STRICT_PROTOTYPES = YES;
				CLANG_WARN_SUSPICIOUS_MOVE = YES;
				CLANG_WARN_UNGUARDED_AVAILABILITY = YES_AGGRESSIVE;
				CLANG_WARN_UNREACHABLE_CODE = YES;
				CLANG_WARN__DUPLICATE_METHOD_MATCH = YES;
				COPY_PHASE_STRIP = NO;
				DEBUG_INFORMATION_FORMAT = dwarf;
				ENABLE_STRICT_OBJC_MSGSEND = YES;
				ENABLE_TESTABILITY = YES;
				GCC_C_LANGUAGE_STANDARD = gnu11;
				GCC_DYNAMIC_NO_PIC = NO;
				GCC_NO_COMMON_BLOCKS = YES;
				GCC_OPTIMIZATION_LEVEL = 0;
				GCC_PREPROCESSOR_DEFINITIONS = (
					"DEBUG=1",
					"$(inherited)",
				);
				GCC_WARN_64_TO_32_BIT_CONVERSION = YES;
				GCC_WARN_ABOUT_RETURN_TYPE = YES_ERROR;
				GCC_WARN_UNDECLARED_SELECTOR = YES;
				GCC_WARN_UNINITIALIZED_AUTOS = YES_AGGRESSIVE;
				GCC_WARN_UNUSED_FUNCTION = YES;
				GCC_WARN_UNUSED_VARIABLE = YES;
				IPHONEOS_DEPLOYMENT_TARGET = 13.6;
				MTL_ENABLE_DEBUG_INFO = INCLUDE_SOURCE;
				MTL_FAST_MATH = YES;
				ONLY_ACTIVE_ARCH = YES;
				SDKROOT = iphoneos;
				SWIFT_ACTIVE_COMPILATION_CONDITIONS = DEBUG;
				SWIFT_OPTIMIZATION_LEVEL = "-Onone";
			};
			name = Debug;
		};
		D07C1D8F24F81BFF00FCE1FA /* Release */ = {
			isa = XCBuildConfiguration;
			buildSettings = {
				ALWAYS_SEARCH_USER_PATHS = NO;
				CLANG_ANALYZER_NONNULL = YES;
				CLANG_ANALYZER_NUMBER_OBJECT_CONVERSION = YES_AGGRESSIVE;
				CLANG_CXX_LANGUAGE_STANDARD = "gnu++14";
				CLANG_CXX_LIBRARY = "libc++";
				CLANG_ENABLE_MODULES = YES;
				CLANG_ENABLE_OBJC_ARC = YES;
				CLANG_ENABLE_OBJC_WEAK = YES;
				CLANG_WARN_BLOCK_CAPTURE_AUTORELEASING = YES;
				CLANG_WARN_BOOL_CONVERSION = YES;
				CLANG_WARN_COMMA = YES;
				CLANG_WARN_CONSTANT_CONVERSION = YES;
				CLANG_WARN_DEPRECATED_OBJC_IMPLEMENTATIONS = YES;
				CLANG_WARN_DIRECT_OBJC_ISA_USAGE = YES_ERROR;
				CLANG_WARN_DOCUMENTATION_COMMENTS = YES;
				CLANG_WARN_EMPTY_BODY = YES;
				CLANG_WARN_ENUM_CONVERSION = YES;
				CLANG_WARN_INFINITE_RECURSION = YES;
				CLANG_WARN_INT_CONVERSION = YES;
				CLANG_WARN_NON_LITERAL_NULL_CONVERSION = YES;
				CLANG_WARN_OBJC_IMPLICIT_RETAIN_SELF = YES;
				CLANG_WARN_OBJC_LITERAL_CONVERSION = YES;
				CLANG_WARN_OBJC_ROOT_CLASS = YES_ERROR;
				CLANG_WARN_RANGE_LOOP_ANALYSIS = YES;
				CLANG_WARN_STRICT_PROTOTYPES = YES;
				CLANG_WARN_SUSPICIOUS_MOVE = YES;
				CLANG_WARN_UNGUARDED_AVAILABILITY = YES_AGGRESSIVE;
				CLANG_WARN_UNREACHABLE_CODE = YES;
				CLANG_WARN__DUPLICATE_METHOD_MATCH = YES;
				COPY_PHASE_STRIP = NO;
				DEBUG_INFORMATION_FORMAT = "dwarf-with-dsym";
				ENABLE_NS_ASSERTIONS = NO;
				ENABLE_STRICT_OBJC_MSGSEND = YES;
				GCC_C_LANGUAGE_STANDARD = gnu11;
				GCC_NO_COMMON_BLOCKS = YES;
				GCC_WARN_64_TO_32_BIT_CONVERSION = YES;
				GCC_WARN_ABOUT_RETURN_TYPE = YES_ERROR;
				GCC_WARN_UNDECLARED_SELECTOR = YES;
				GCC_WARN_UNINITIALIZED_AUTOS = YES_AGGRESSIVE;
				GCC_WARN_UNUSED_FUNCTION = YES;
				GCC_WARN_UNUSED_VARIABLE = YES;
				IPHONEOS_DEPLOYMENT_TARGET = 13.6;
				MTL_ENABLE_DEBUG_INFO = NO;
				MTL_FAST_MATH = YES;
				SDKROOT = iphoneos;
				SWIFT_COMPILATION_MODE = wholemodule;
				SWIFT_OPTIMIZATION_LEVEL = "-O";
				VALIDATE_PRODUCT = YES;
			};
			name = Release;
		};
		D07C1D9124F81BFF00FCE1FA /* Debug */ = {
			isa = XCBuildConfiguration;
			baseConfigurationReference = 01121EFEBCE91B566B397E3F /* Pods-FashionFriend.debug.xcconfig */;
			buildSettings = {
				ASSETCATALOG_COMPILER_APPICON_NAME = AppIcon;
				CODE_SIGN_STYLE = Automatic;
				DEVELOPMENT_TEAM = 3676D46Q74;
				INFOPLIST_FILE = Info.plist;
				LD_RUNPATH_SEARCH_PATHS = (
					"$(inherited)",
					"@executable_path/Frameworks",
				);
				PRODUCT_BUNDLE_IDENTIFIER = com.justinbrown.FashionFriend;
				PRODUCT_NAME = "$(TARGET_NAME)";
				SWIFT_VERSION = 5.0;
				TARGETED_DEVICE_FAMILY = "1,2";
			};
			name = Debug;
		};
		D07C1D9224F81BFF00FCE1FA /* Release */ = {
			isa = XCBuildConfiguration;
			baseConfigurationReference = 36145FD381EEC9863E518AC6 /* Pods-FashionFriend.release.xcconfig */;
			buildSettings = {
				ASSETCATALOG_COMPILER_APPICON_NAME = AppIcon;
				CODE_SIGN_STYLE = Automatic;
				DEVELOPMENT_TEAM = 3676D46Q74;
				INFOPLIST_FILE = Info.plist;
				LD_RUNPATH_SEARCH_PATHS = (
					"$(inherited)",
					"@executable_path/Frameworks",
				);
				PRODUCT_BUNDLE_IDENTIFIER = com.justinbrown.FashionFriend;
				PRODUCT_NAME = "$(TARGET_NAME)";
				SWIFT_VERSION = 5.0;
				TARGETED_DEVICE_FAMILY = "1,2";
			};
			name = Release;
		};
/* End XCBuildConfiguration section */

/* Begin XCConfigurationList section */
		D07C1D7724F81BFD00FCE1FA /* Build configuration list for PBXProject "FashionFriend" */ = {
			isa = XCConfigurationList;
			buildConfigurations = (
				D07C1D8E24F81BFF00FCE1FA /* Debug */,
				D07C1D8F24F81BFF00FCE1FA /* Release */,
			);
			defaultConfigurationIsVisible = 0;
			defaultConfigurationName = Release;
		};
		D07C1D9024F81BFF00FCE1FA /* Build configuration list for PBXNativeTarget "FashionFriend" */ = {
			isa = XCConfigurationList;
			buildConfigurations = (
				D07C1D9124F81BFF00FCE1FA /* Debug */,
				D07C1D9224F81BFF00FCE1FA /* Release */,
			);
			defaultConfigurationIsVisible = 0;
			defaultConfigurationName = Release;
		};
/* End XCConfigurationList section */
	};
	rootObject = D07C1D7424F81BFD00FCE1FA /* Project object */;
}
